
Microsoft Visual Studio Solution File, Format Version 12.00
# Visual Studio 2013
VisualStudioVersion = 12.0.30723.0
MinimumVisualStudioVersion = 10.0.40219.1
Project("{FAE04EC0-301F-11D3-BF4B-00C04F79EFBC}") = "ClarisSystemWeb", "ClarisSystemWeb\ClarisSystemWeb.csproj", "{4224547A-4CDB-4741-AC83-ABB18565CB16}"
EndProject
Project("{FAE04EC0-301F-11D3-BF4B-00C04F79EFBC}") = "BLL", "BLL\BLL.csproj", "{C8E5EE23-D864-43A3-8F9E-4CA9C2B75FC3}"
EndProject
Project("{FAE04EC0-301F-11D3-BF4B-00C04F79EFBC}") = "DAL", "DAL\DAL.csproj", "{6C41A9EC-68FE-43C3-811B-BED906EABE8C}"
EndProject
Global
	GlobalSection(SolutionConfigurationPlatforms) = preSolution
		Debug|Any CPU = Debug|Any CPU
		Release|Any CPU = Release|Any CPU
	EndGlobalSection
	GlobalSection(ProjectConfigurationPlatforms) = postSolution
		{4224547A-4CDB-4741-AC83-ABB18565CB16}.Debug|Any CPU.ActiveCfg = Debug|Any CPU
		{4224547A-4CDB-4741-AC83-ABB18565CB16}.Debug|Any CPU.Build.0 = Debug|Any CPU
		{4224547A-4CDB-4741-AC83-ABB18565CB16}.Release|Any CPU.ActiveCfg = Release|Any CPU
		{4224547A-4CDB-4741-AC83-ABB18565CB16}.Release|Any CPU.Build.0 = Release|Any CPU
		{C8E5EE23-D864-43A3-8F9E-4CA9C2B75FC3}.Debug|Any CPU.ActiveCfg = Debug|Any CPU
		{C8E5EE23-D864-43A3-8F9E-4CA9C2B75FC3}.Debug|Any CPU.Build.0 = Debug|Any CPU
		{C8E5EE23-D864-43A3-8F9E-4CA9C2B75FC3}.Release|Any CPU.ActiveCfg = Release|Any CPU
		{C8E5EE23-D864-43A3-8F9E-4CA9C2B75FC3}.Release|Any CPU.Build.0 = Release|Any CPU
		{6C41A9EC-68FE-43C3-811B-BED906EABE8C}.Debug|Any CPU.ActiveCfg = Debug|Any CPU
		{6C41A9EC-68FE-43C3-811B-BED906EABE8C}.Debug|Any CPU.Build.0 = Debug|Any CPU
		{6C41A9EC-68FE-43C3-811B-BED906EABE8C}.Release|Any CPU.ActiveCfg = Release|Any CPU
		{6C41A9EC-68FE-43C3-811B-BED906EABE8C}.Release|Any CPU.Build.0 = Release|Any CPU
	EndGlobalSection
	GlobalSection(SolutionProperties) = preSolution
		HideSolutionNode = FALSE
	EndGlobalSection
EndGlobal
